
Microsoft Visual Studio Solution File, Format Version 12.00
# Visual Studio Version 17
VisualStudioVersion = 17.3.32929.385
MinimumVisualStudioVersion = 10.0.40219.1
Project("{2150E333-8FDC-42A3-9474-1A3956D46DE8}") = "Src", "Src", "{D3E2FDCE-9E6B-4BA0-A13A-81712A787EC1}"
EndProject
Project("{2150E333-8FDC-42A3-9474-1A3956D46DE8}") = "Test", "Test", "{FAFDC141-472B-4412-A3FF-7B360A7C97B5}"
EndProject
Project("{FAE04EC0-301F-11D3-BF4B-00C04F79EFBC}") = "WebAppMvc", "WebAppMvc\WebAppMvc.csproj", "{F0FA8094-C2A6-4374-9F75-F5213EEA4BD4}"
EndProject
Project("{FAE04EC0-301F-11D3-BF4B-00C04F79EFBC}") = "WebAppMvc.Test", "WebAppMvc.Test\WebAppMvc.Test.csproj", "{0A078B3F-4166-4CAF-8976-8DA092793C38}"
EndProject
Global
	GlobalSection(SolutionConfigurationPlatforms) = preSolution
		Debug|Any CPU = Debug|Any CPU
		Release|Any CPU = Release|Any CPU
	EndGlobalSection
	GlobalSection(ProjectConfigurationPlatforms) = postSolution
		{F0FA8094-C2A6-4374-9F75-F5213EEA4BD4}.Debug|Any CPU.ActiveCfg = Debug|Any CPU
		{F0FA8094-C2A6-4374-9F75-F5213EEA4BD4}.Debug|Any CPU.Build.0 = Debug|Any CPU
		{F0FA8094-C2A6-4374-9F75-F5213EEA4BD4}.Release|Any CPU.ActiveCfg = Release|Any CPU
		{F0FA8094-C2A6-4374-9F75-F5213EEA4BD4}.Release|Any CPU.Build.0 = Release|Any CPU
		{0A078B3F-4166-4CAF-8976-8DA092793C38}.Debug|Any CPU.ActiveCfg = Debug|Any CPU
		{0A078B3F-4166-4CAF-8976-8DA092793C38}.Debug|Any CPU.Build.0 = Debug|Any CPU
		{0A078B3F-4166-4CAF-8976-8DA092793C38}.Release|Any CPU.ActiveCfg = Release|Any CPU
		{0A078B3F-4166-4CAF-8976-8DA092793C38}.Release|Any CPU.Build.0 = Release|Any CPU
	EndGlobalSection
	GlobalSection(SolutionProperties) = preSolution
		HideSolutionNode = FALSE
	EndGlobalSection
	GlobalSection(NestedProjects) = preSolution
		{F0FA8094-C2A6-4374-9F75-F5213EEA4BD4} = {D3E2FDCE-9E6B-4BA0-A13A-81712A787EC1}
		{0A078B3F-4166-4CAF-8976-8DA092793C38} = {FAFDC141-472B-4412-A3FF-7B360A7C97B5}
	EndGlobalSection
	GlobalSection(ExtensibilityGlobals) = postSolution
		SolutionGuid = {9AC9C5FD-A541-4D48-9E6D-F50991E830DB}
	EndGlobalSection
EndGlobal
